// !$*UTF8*$!
{
	archiveVersion = 1;
	classes = {
	};
	objectVersion = 46;
	objects = {

/* Begin PBXBuildFile section */
		316C72835BDE8B7B59CA09F8 /* libPods.a in Frameworks */ = {isa = PBXBuildFile; fileRef = 9A637C1D71D0A8BB3A07790F /* libPods.a */; };
		36EE8D841BC5D4C3003DF47D /* main.m in Sources */ = {isa = PBXBuildFile; fileRef = 36EE8D831BC5D4C3003DF47D /* main.m */; };
		36EE8D871BC5D4C3003DF47D /* AppDelegate.m in Sources */ = {isa = PBXBuildFile; fileRef = 36EE8D861BC5D4C3003DF47D /* AppDelegate.m */; };
		36EE8D8A1BC5D4C3003DF47D /* ViewController.m in Sources */ = {isa = PBXBuildFile; fileRef = 36EE8D891BC5D4C3003DF47D /* ViewController.m */; };
		36EE8D8D1BC5D4C3003DF47D /* Main.storyboard in Resources */ = {isa = PBXBuildFile; fileRef = 36EE8D8B1BC5D4C3003DF47D /* Main.storyboard */; };
		36EE8D8F1BC5D4C3003DF47D /* Assets.xcassets in Resources */ = {isa = PBXBuildFile; fileRef = 36EE8D8E1BC5D4C3003DF47D /* Assets.xcassets */; };
		36EE8D921BC5D4C3003DF47D /* LaunchScreen.storyboard in Resources */ = {isa = PBXBuildFile; fileRef = 36EE8D901BC5D4C3003DF47D /* LaunchScreen.storyboard */; };
		36EE8D9D1BC5D4C3003DF47D /* Realm_Create_Or_UpdateTests.m in Sources */ = {isa = PBXBuildFile; fileRef = 36EE8D9C1BC5D4C3003DF47D /* Realm_Create_Or_UpdateTests.m */; };
		36EE8DA81BC5D4C3003DF47D /* Realm_Create_Or_UpdateUITests.m in Sources */ = {isa = PBXBuildFile; fileRef = 36EE8DA71BC5D4C3003DF47D /* Realm_Create_Or_UpdateUITests.m */; };
		36EE8DB81BC5D526003DF47D /* MSContact.m in Sources */ = {isa = PBXBuildFile; fileRef = 36EE8DB71BC5D526003DF47D /* MSContact.m */; settings = {ASSET_TAGS = (); }; };
		36EE8DBB1BC5D541003DF47D /* MSTicket.m in Sources */ = {isa = PBXBuildFile; fileRef = 36EE8DBA1BC5D541003DF47D /* MSTicket.m */; settings = {ASSET_TAGS = (); }; };
/* End PBXBuildFile section */

/* Begin PBXContainerItemProxy section */
		36EE8D991BC5D4C3003DF47D /* PBXContainerItemProxy */ = {
			isa = PBXContainerItemProxy;
			containerPortal = 36EE8D771BC5D4C3003DF47D /* Project object */;
			proxyType = 1;
			remoteGlobalIDString = 36EE8D7E1BC5D4C3003DF47D;
			remoteInfo = "Realm Create Or Update";
		};
		36EE8DA41BC5D4C3003DF47D /* PBXContainerItemProxy */ = {
			isa = PBXContainerItemProxy;
			containerPortal = 36EE8D771BC5D4C3003DF47D /* Project object */;
			proxyType = 1;
			remoteGlobalIDString = 36EE8D7E1BC5D4C3003DF47D;
			remoteInfo = "Realm Create Or Update";
		};
/* End PBXContainerItemProxy section */

/* Begin PBXFileReference section */
		36EE8D7F1BC5D4C3003DF47D /* Realm Create Or Update.app */ = {isa = PBXFileReference; explicitFileType = wrapper.application; includeInIndex = 0; path = "Realm Create Or Update.app"; sourceTree = BUILT_PRODUCTS_DIR; };
		36EE8D831BC5D4C3003DF47D /* main.m */ = {isa = PBXFileReference; lastKnownFileType = sourcecode.c.objc; path = main.m; sourceTree = "<group>"; };
		36EE8D851BC5D4C3003DF47D /* AppDelegate.h */ = {isa = PBXFileReference; lastKnownFileType = sourcecode.c.h; path = AppDelegate.h; sourceTree = "<group>"; };
		36EE8D861BC5D4C3003DF47D /* AppDelegate.m */ = {isa = PBXFileReference; lastKnownFileType = sourcecode.c.objc; path = AppDelegate.m; sourceTree = "<group>"; };
		36EE8D881BC5D4C3003DF47D /* ViewController.h */ = {isa = PBXFileReference; lastKnownFileType = sourcecode.c.h; path = ViewController.h; sourceTree = "<group>"; };
		36EE8D891BC5D4C3003DF47D /* ViewController.m */ = {isa = PBXFileReference; lastKnownFileType = sourcecode.c.objc; path = ViewController.m; sourceTree = "<group>"; };
		36EE8D8C1BC5D4C3003DF47D /* Base */ = {isa = PBXFileReference; lastKnownFileType = file.storyboard; name = Base; path = Base.lproj/Main.storyboard; sourceTree = "<group>"; };
		36EE8D8E1BC5D4C3003DF47D /* Assets.xcassets */ = {isa = PBXFileReference; lastKnownFileType = folder.assetcatalog; path = Assets.xcassets; sourceTree = "<group>"; };
		36EE8D911BC5D4C3003DF47D /* Base */ = {isa = PBXFileReference; lastKnownFileType = file.storyboard; name = Base; path = Base.lproj/LaunchScreen.storyboard; sourceTree = "<group>"; };
		36EE8D931BC5D4C3003DF47D /* Info.plist */ = {isa = PBXFileReference; lastKnownFileType = text.plist.xml; path = Info.plist; sourceTree = "<group>"; };
		36EE8D981BC5D4C3003DF47D /* Realm Create Or UpdateTests.xctest */ = {isa = PBXFileReference; explicitFileType = wrapper.cfbundle; includeInIndex = 0; path = "Realm Create Or UpdateTests.xctest"; sourceTree = BUILT_PRODUCTS_DIR; };
		36EE8D9C1BC5D4C3003DF47D /* Realm_Create_Or_UpdateTests.m */ = {isa = PBXFileReference; lastKnownFileType = sourcecode.c.objc; path = Realm_Create_Or_UpdateTests.m; sourceTree = "<group>"; };
		36EE8D9E1BC5D4C3003DF47D /* Info.plist */ = {isa = PBXFileReference; lastKnownFileType = text.plist.xml; path = Info.plist; sourceTree = "<group>"; };
		36EE8DA31BC5D4C3003DF47D /* Realm Create Or UpdateUITests.xctest */ = {isa = PBXFileReference; explicitFileType = wrapper.cfbundle; includeInIndex = 0; path = "Realm Create Or UpdateUITests.xctest"; sourceTree = BUILT_PRODUCTS_DIR; };
		36EE8DA71BC5D4C3003DF47D /* Realm_Create_Or_UpdateUITests.m */ = {isa = PBXFileReference; lastKnownFileType = sourcecode.c.objc; path = Realm_Create_Or_UpdateUITests.m; sourceTree = "<group>"; };
		36EE8DA91BC5D4C3003DF47D /* Info.plist */ = {isa = PBXFileReference; lastKnownFileType = text.plist.xml; path = Info.plist; sourceTree = "<group>"; };
		36EE8DB61BC5D526003DF47D /* MSContact.h */ = {isa = PBXFileReference; fileEncoding = 4; lastKnownFileType = sourcecode.c.h; name = MSContact.h; path = Models/MSContact.h; sourceTree = "<group>"; };
		36EE8DB71BC5D526003DF47D /* MSContact.m */ = {isa = PBXFileReference; fileEncoding = 4; lastKnownFileType = sourcecode.c.objc; name = MSContact.m; path = Models/MSContact.m; sourceTree = "<group>"; };
		36EE8DB91BC5D541003DF47D /* MSTicket.h */ = {isa = PBXFileReference; fileEncoding = 4; lastKnownFileType = sourcecode.c.h; path = MSTicket.h; sourceTree = "<group>"; };
		36EE8DBA1BC5D541003DF47D /* MSTicket.m */ = {isa = PBXFileReference; fileEncoding = 4; lastKnownFileType = sourcecode.c.objc; path = MSTicket.m; sourceTree = "<group>"; };
		4A30267DA9FB280ACDC240D3 /* Pods.debug.xcconfig */ = {isa = PBXFileReference; includeInIndex = 1; lastKnownFileType = text.xcconfig; name = Pods.debug.xcconfig; path = "Pods/Target Support Files/Pods/Pods.debug.xcconfig"; sourceTree = "<group>"; };
		9A637C1D71D0A8BB3A07790F /* libPods.a */ = {isa = PBXFileReference; explicitFileType = archive.ar; includeInIndex = 0; path = libPods.a; sourceTree = BUILT_PRODUCTS_DIR; };
		F2ADFB4807B7164A040E12C9 /* Pods.release.xcconfig */ = {isa = PBXFileReference; includeInIndex = 1; lastKnownFileType = text.xcconfig; name = Pods.release.xcconfig; path = "Pods/Target Support Files/Pods/Pods.release.xcconfig"; sourceTree = "<group>"; };
/* End PBXFileReference section */

/* Begin PBXFrameworksBuildPhase section */
		36EE8D7C1BC5D4C3003DF47D /* Frameworks */ = {
			isa = PBXFrameworksBuildPhase;
			buildActionMask = 2147483647;
			files = (
				316C72835BDE8B7B59CA09F8 /* libPods.a in Frameworks */,
			);
			runOnlyForDeploymentPostprocessing = 0;
		};
		36EE8D951BC5D4C3003DF47D /* Frameworks */ = {
			isa = PBXFrameworksBuildPhase;
			buildActionMask = 2147483647;
			files = (
			);
			runOnlyForDeploymentPostprocessing = 0;
		};
		36EE8DA01BC5D4C3003DF47D /* Frameworks */ = {
			isa = PBXFrameworksBuildPhase;
			buildActionMask = 2147483647;
			files = (
			);
			runOnlyForDeploymentPostprocessing = 0;
		};
/* End PBXFrameworksBuildPhase section */

/* Begin PBXGroup section */
		36EE8D761BC5D4C3003DF47D = {
			isa = PBXGroup;
			children = (
				36EE8D811BC5D4C3003DF47D /* Realm Create Or Update */,
				36EE8D9B1BC5D4C3003DF47D /* Realm Create Or UpdateTests */,
				36EE8DA61BC5D4C3003DF47D /* Realm Create Or UpdateUITests */,
				36EE8D801BC5D4C3003DF47D /* Products */,
				C9AAAB846ED12E3A64B10247 /* Pods */,
				C56CFF929F3A3DC569AED092 /* Frameworks */,
			);
			sourceTree = "<group>";
		};
		36EE8D801BC5D4C3003DF47D /* Products */ = {
			isa = PBXGroup;
			children = (
				36EE8D7F1BC5D4C3003DF47D /* Realm Create Or Update.app */,
				36EE8D981BC5D4C3003DF47D /* Realm Create Or UpdateTests.xctest */,
				36EE8DA31BC5D4C3003DF47D /* Realm Create Or UpdateUITests.xctest */,
			);
			name = Products;
			sourceTree = "<group>";
		};
		36EE8D811BC5D4C3003DF47D /* Realm Create Or Update */ = {
			isa = PBXGroup;
			children = (
				36EE8DB51BC5D510003DF47D /* Models */,
				36EE8D851BC5D4C3003DF47D /* AppDelegate.h */,
				36EE8D861BC5D4C3003DF47D /* AppDelegate.m */,
				36EE8D881BC5D4C3003DF47D /* ViewController.h */,
				36EE8D891BC5D4C3003DF47D /* ViewController.m */,
				36EE8D8B1BC5D4C3003DF47D /* Main.storyboard */,
				36EE8D8E1BC5D4C3003DF47D /* Assets.xcassets */,
				36EE8D901BC5D4C3003DF47D /* LaunchScreen.storyboard */,
				36EE8D931BC5D4C3003DF47D /* Info.plist */,
				36EE8D821BC5D4C3003DF47D /* Supporting Files */,
			);
			path = "Realm Create Or Update";
			sourceTree = "<group>";
		};
		36EE8D821BC5D4C3003DF47D /* Supporting Files */ = {
			isa = PBXGroup;
			children = (
				36EE8D831BC5D4C3003DF47D /* main.m */,
			);
			name = "Supporting Files";
			sourceTree = "<group>";
		};
		36EE8D9B1BC5D4C3003DF47D /* Realm Create Or UpdateTests */ = {
			isa = PBXGroup;
			children = (
				36EE8D9C1BC5D4C3003DF47D /* Realm_Create_Or_UpdateTests.m */,
				36EE8D9E1BC5D4C3003DF47D /* Info.plist */,
			);
			path = "Realm Create Or UpdateTests";
			sourceTree = "<group>";
		};
		36EE8DA61BC5D4C3003DF47D /* Realm Create Or UpdateUITests */ = {
			isa = PBXGroup;
			children = (
				36EE8DA71BC5D4C3003DF47D /* Realm_Create_Or_UpdateUITests.m */,
				36EE8DA91BC5D4C3003DF47D /* Info.plist */,
			);
			path = "Realm Create Or UpdateUITests";
			sourceTree = "<group>";
		};
		36EE8DB51BC5D510003DF47D /* Models */ = {
			isa = PBXGroup;
			children = (
				36EE8DB61BC5D526003DF47D /* MSContact.h */,
				36EE8DB71BC5D526003DF47D /* MSContact.m */,
				36EE8DB91BC5D541003DF47D /* MSTicket.h */,
				36EE8DBA1BC5D541003DF47D /* MSTicket.m */,
			);
			name = Models;
			sourceTree = "<group>";
		};
		C56CFF929F3A3DC569AED092 /* Frameworks */ = {
			isa = PBXGroup;
			children = (
				9A637C1D71D0A8BB3A07790F /* libPods.a */,
			);
			name = Frameworks;
			sourceTree = "<group>";
		};
		C9AAAB846ED12E3A64B10247 /* Pods */ = {
			isa = PBXGroup;
			children = (
				4A30267DA9FB280ACDC240D3 /* Pods.debug.xcconfig */,
				F2ADFB4807B7164A040E12C9 /* Pods.release.xcconfig */,
			);
			name = Pods;
			sourceTree = "<group>";
		};
/* End PBXGroup section */

/* Begin PBXNativeTarget section */
		36EE8D7E1BC5D4C3003DF47D /* Realm Create Or Update */ = {
			isa = PBXNativeTarget;
			buildConfigurationList = 36EE8DAC1BC5D4C3003DF47D /* Build configuration list for PBXNativeTarget "Realm Create Or Update" */;
			buildPhases = (
				6E4235856CE715DCA657DE7C /* Check Pods Manifest.lock */,
				36EE8D7B1BC5D4C3003DF47D /* Sources */,
				36EE8D7C1BC5D4C3003DF47D /* Frameworks */,
				36EE8D7D1BC5D4C3003DF47D /* Resources */,
				82EFA0753D923C29481BE066 /* Copy Pods Resources */,
			);
			buildRules = (
			);
			dependencies = (
			);
			name = "Realm Create Or Update";
			productName = "Realm Create Or Update";
			productReference = 36EE8D7F1BC5D4C3003DF47D /* Realm Create Or Update.app */;
			productType = "com.apple.product-type.application";
		};
		36EE8D971BC5D4C3003DF47D /* Realm Create Or UpdateTests */ = {
			isa = PBXNativeTarget;
			buildConfigurationList = 36EE8DAF1BC5D4C3003DF47D /* Build configuration list for PBXNativeTarget "Realm Create Or UpdateTests" */;
			buildPhases = (
				36EE8D941BC5D4C3003DF47D /* Sources */,
				36EE8D951BC5D4C3003DF47D /* Frameworks */,
				36EE8D961BC5D4C3003DF47D /* Resources */,
			);
			buildRules = (
			);
			dependencies = (
				36EE8D9A1BC5D4C3003DF47D /* PBXTargetDependency */,
			);
			name = "Realm Create Or UpdateTests";
			productName = "Realm Create Or UpdateTests";
			productReference = 36EE8D981BC5D4C3003DF47D /* Realm Create Or UpdateTests.xctest */;
			productType = "com.apple.product-type.bundle.unit-test";
		};
		36EE8DA21BC5D4C3003DF47D /* Realm Create Or UpdateUITests */ = {
			isa = PBXNativeTarget;
			buildConfigurationList = 36EE8DB21BC5D4C3003DF47D /* Build configuration list for PBXNativeTarget "Realm Create Or UpdateUITests" */;
			buildPhases = (
				36EE8D9F1BC5D4C3003DF47D /* Sources */,
				36EE8DA01BC5D4C3003DF47D /* Frameworks */,
				36EE8DA11BC5D4C3003DF47D /* Resources */,
			);
			buildRules = (
			);
			dependencies = (
				36EE8DA51BC5D4C3003DF47D /* PBXTargetDependency */,
			);
			name = "Realm Create Or UpdateUITests";
			productName = "Realm Create Or UpdateUITests";
			productReference = 36EE8DA31BC5D4C3003DF47D /* Realm Create Or UpdateUITests.xctest */;
			productType = "com.apple.product-type.bundle.ui-testing";
		};
/* End PBXNativeTarget section */

/* Begin PBXProject section */
		36EE8D771BC5D4C3003DF47D /* Project object */ = {
			isa = PBXProject;
			attributes = {
				LastUpgradeCheck = 0700;
				ORGANIZATIONNAME = "Mike Silvis";
				TargetAttributes = {
					36EE8D7E1BC5D4C3003DF47D = {
						CreatedOnToolsVersion = 7.0.1;
					};
					36EE8D971BC5D4C3003DF47D = {
						CreatedOnToolsVersion = 7.0.1;
						TestTargetID = 36EE8D7E1BC5D4C3003DF47D;
					};
					36EE8DA21BC5D4C3003DF47D = {
						CreatedOnToolsVersion = 7.0.1;
						TestTargetID = 36EE8D7E1BC5D4C3003DF47D;
					};
				};
			};
			buildConfigurationList = 36EE8D7A1BC5D4C3003DF47D /* Build configuration list for PBXProject "Realm Create Or Update" */;
			compatibilityVersion = "Xcode 3.2";
			developmentRegion = English;
			hasScannedForEncodings = 0;
			knownRegions = (
				en,
				Base,
			);
			mainGroup = 36EE8D761BC5D4C3003DF47D;
			productRefGroup = 36EE8D801BC5D4C3003DF47D /* Products */;
			projectDirPath = "";
			projectRoot = "";
			targets = (
				36EE8D7E1BC5D4C3003DF47D /* Realm Create Or Update */,
				36EE8D971BC5D4C3003DF47D /* Realm Create Or UpdateTests */,
				36EE8DA21BC5D4C3003DF47D /* Realm Create Or UpdateUITests */,
			);
		};
/* End PBXProject section */

/* Begin PBXResourcesBuildPhase section */
		36EE8D7D1BC5D4C3003DF47D /* Resources */ = {
			isa = PBXResourcesBuildPhase;
			buildActionMask = 2147483647;
			files = (
				36EE8D921BC5D4C3003DF47D /* LaunchScreen.storyboard in Resources */,
				36EE8D8F1BC5D4C3003DF47D /* Assets.xcassets in Resources */,
				36EE8D8D1BC5D4C3003DF47D /* Main.storyboard in Resources */,
			);
			runOnlyForDeploymentPostprocessing = 0;
		};
		36EE8D961BC5D4C3003DF47D /* Resources */ = {
			isa = PBXResourcesBuildPhase;
			buildActionMask = 2147483647;
			files = (
			);
			runOnlyForDeploymentPostprocessing = 0;
		};
		36EE8DA11BC5D4C3003DF47D /* Resources */ = {
			isa = PBXResourcesBuildPhase;
			buildActionMask = 2147483647;
			files = (
			);
			runOnlyForDeploymentPostprocessing = 0;
		};
/* End PBXResourcesBuildPhase section */

/* Begin PBXShellScriptBuildPhase section */
		6E4235856CE715DCA657DE7C /* Check Pods Manifest.lock */ = {
			isa = PBXShellScriptBuildPhase;
			buildActionMask = 2147483647;
			files = (
			);
			inputPaths = (
			);
			name = "Check Pods Manifest.lock";
			outputPaths = (
			);
			runOnlyForDeploymentPostprocessing = 0;
			shellPath = /bin/sh;
			shellScript = "diff \"${PODS_ROOT}/../Podfile.lock\" \"${PODS_ROOT}/Manifest.lock\" > /dev/null\nif [[ $? != 0 ]] ; then\n    cat << EOM\nerror: The sandbox is not in sync with the Podfile.lock. Run 'pod install' or update your CocoaPods installation.\nEOM\n    exit 1\nfi\n";
			showEnvVarsInLog = 0;
		};
		82EFA0753D923C29481BE066 /* Copy Pods Resources */ = {
			isa = PBXShellScriptBuildPhase;
			buildActionMask = 2147483647;
			files = (
			);
			inputPaths = (
			);
			name = "Copy Pods Resources";
			outputPaths = (
			);
			runOnlyForDeploymentPostprocessing = 0;
			shellPath = /bin/sh;
			shellScript = "\"${SRCROOT}/Pods/Target Support Files/Pods/Pods-resources.sh\"\n";
			showEnvVarsInLog = 0;
		};
/* End PBXShellScriptBuildPhase section */

/* Begin PBXSourcesBuildPhase section */
		36EE8D7B1BC5D4C3003DF47D /* Sources */ = {
			isa = PBXSourcesBuildPhase;
			buildActionMask = 2147483647;
			files = (
				36EE8D8A1BC5D4C3003DF47D /* ViewController.m in Sources */,
				36EE8D871BC5D4C3003DF47D /* AppDelegate.m in Sources */,
				36EE8DBB1BC5D541003DF47D /* MSTicket.m in Sources */,
				36EE8DB81BC5D526003DF47D /* MSContact.m in Sources */,
				36EE8D841BC5D4C3003DF47D /* main.m in Sources */,
			);
			runOnlyForDeploymentPostprocessing = 0;
		};
		36EE8D941BC5D4C3003DF47D /* Sources */ = {
			isa = PBXSourcesBuildPhase;
			buildActionMask = 2147483647;
			files = (
				36EE8D9D1BC5D4C3003DF47D /* Realm_Create_Or_UpdateTests.m in Sources */,
			);
			runOnlyForDeploymentPostprocessing = 0;
		};
		36EE8D9F1BC5D4C3003DF47D /* Sources */ = {
			isa = PBXSourcesBuildPhase;
			buildActionMask = 2147483647;
			files = (
				36EE8DA81BC5D4C3003DF47D /* Realm_Create_Or_UpdateUITests.m in Sources */,
			);
			runOnlyForDeploymentPostprocessing = 0;
		};
/* End PBXSourcesBuildPhase section */

/* Begin PBXTargetDependency section */
		36EE8D9A1BC5D4C3003DF47D /* PBXTargetDependency */ = {
			isa = PBXTargetDependency;
			target = 36EE8D7E1BC5D4C3003DF47D /* Realm Create Or Update */;
			targetProxy = 36EE8D991BC5D4C3003DF47D /* PBXContainerItemProxy */;
		};
		36EE8DA51BC5D4C3003DF47D /* PBXTargetDependency */ = {
			isa = PBXTargetDependency;
			target = 36EE8D7E1BC5D4C3003DF47D /* Realm Create Or Update */;
			targetProxy = 36EE8DA41BC5D4C3003DF47D /* PBXContainerItemProxy */;
		};
/* End PBXTargetDependency section */

/* Begin PBXVariantGroup section */
		36EE8D8B1BC5D4C3003DF47D /* Main.storyboard */ = {
			isa = PBXVariantGroup;
			children = (
				36EE8D8C1BC5D4C3003DF47D /* Base */,
			);
			name = Main.storyboard;
			sourceTree = "<group>";
		};
		36EE8D901BC5D4C3003DF47D /* LaunchScreen.storyboard */ = {
			isa = PBXVariantGroup;
			children = (
				36EE8D911BC5D4C3003DF47D /* Base */,
			);
			name = LaunchScreen.storyboard;
			sourceTree = "<group>";
		};
/* End PBXVariantGroup section */

/* Begin XCBuildConfiguration section */
		36EE8DAA1BC5D4C3003DF47D /* Debug */ = {
			isa = XCBuildConfiguration;
			buildSettings = {
				ALWAYS_SEARCH_USER_PATHS = NO;
				CLANG_CXX_LANGUAGE_STANDARD = "gnu++0x";
				CLANG_CXX_LIBRARY = "libc++";
				CLANG_ENABLE_MODULES = YES;
				CLANG_ENABLE_OBJC_ARC = YES;
				CLANG_WARN_BOOL_CONVERSION = YES;
				CLANG_WARN_CONSTANT_CONVERSION = YES;
				CLANG_WARN_DIRECT_OBJC_ISA_USAGE = YES_ERROR;
				CLANG_WARN_EMPTY_BODY = YES;
				CLANG_WARN_ENUM_CONVERSION = YES;
				CLANG_WARN_INT_CONVERSION = YES;
				CLANG_WARN_OBJC_ROOT_CLASS = YES_ERROR;
				CLANG_WARN_UNREACHABLE_CODE = YES;
				CLANG_WARN__DUPLICATE_METHOD_MATCH = YES;
				"CODE_SIGN_IDENTITY[sdk=iphoneos*]" = "iPhone Developer";
				COPY_PHASE_STRIP = NO;
				DEBUG_INFORMATION_FORMAT = dwarf;
				ENABLE_STRICT_OBJC_MSGSEND = YES;
				ENABLE_TESTABILITY = YES;
				GCC_C_LANGUAGE_STANDARD = gnu99;
				GCC_DYNAMIC_NO_PIC = NO;
				GCC_NO_COMMON_BLOCKS = YES;
				GCC_OPTIMIZATION_LEVEL = 0;
				GCC_PREPROCESSOR_DEFINITIONS = (
					"DEBUG=1",
					"$(inherited)",
				);
				GCC_WARN_64_TO_32_BIT_CONVERSION = YES;
				GCC_WARN_ABOUT_RETURN_TYPE = YES_ERROR;
				GCC_WARN_UNDECLARED_SELECTOR = YES;
				GCC_WARN_UNINITIALIZED_AUTOS = YES_AGGRESSIVE;
				GCC_WARN_UNUSED_FUNCTION = YES;
				GCC_WARN_UNUSED_VARIABLE = YES;
				IPHONEOS_DEPLOYMENT_TARGET = 9.0;
				MTL_ENABLE_DEBUG_INFO = YES;
				ONLY_ACTIVE_ARCH = YES;
				SDKROOT = iphoneos;
			};
			name = Debug;
		};
		36EE8DAB1BC5D4C3003DF47D /* Release */ = {
			isa = XCBuildConfiguration;
			buildSettings = {
				ALWAYS_SEARCH_USER_PATHS = NO;
				CLANG_CXX_LANGUAGE_STANDARD = "gnu++0x";
				CLANG_CXX_LIBRARY = "libc++";
				CLANG_ENABLE_MODULES = YES;
				CLANG_ENABLE_OBJC_ARC = YES;
				CLANG_WARN_BOOL_CONVERSION = YES;
				CLANG_WARN_CONSTANT_CONVERSION = YES;
				CLANG_WARN_DIRECT_OBJC_ISA_USAGE = YES_ERROR;
				CLANG_WARN_EMPTY_BODY = YES;
				CLANG_WARN_ENUM_CONVERSION = YES;
				CLANG_WARN_INT_CONVERSION = YES;
				CLANG_WARN_OBJC_ROOT_CLASS = YES_ERROR;
				CLANG_WARN_UNREACHABLE_CODE = YES;
				CLANG_WARN__DUPLICATE_METHOD_MATCH = YES;
				"CODE_SIGN_IDENTITY[sdk=iphoneos*]" = "iPhone Developer";
				COPY_PHASE_STRIP = NO;
				DEBUG_INFORMATION_FORMAT = "dwarf-with-dsym";
				ENABLE_NS_ASSERTIONS = NO;
				ENABLE_STRICT_OBJC_MSGSEND = YES;
				GCC_C_LANGUAGE_STANDARD = gnu99;
				GCC_NO_COMMON_BLOCKS = YES;
				GCC_WARN_64_TO_32_BIT_CONVERSION = YES;
				GCC_WARN_ABOUT_RETURN_TYPE = YES_ERROR;
				GCC_WARN_UNDECLARED_SELECTOR = YES;
				GCC_WARN_UNINITIALIZED_AUTOS = YES_AGGRESSIVE;
				GCC_WARN_UNUSED_FUNCTION = YES;
				GCC_WARN_UNUSED_VARIABLE = YES;
				IPHONEOS_DEPLOYMENT_TARGET = 9.0;
				MTL_ENABLE_DEBUG_INFO = NO;
				SDKROOT = iphoneos;
				VALIDATE_PRODUCT = YES;
			};
			name = Release;
		};
		36EE8DAD1BC5D4C3003DF47D /* Debug */ = {
			isa = XCBuildConfiguration;
			baseConfigurationReference = 4A30267DA9FB280ACDC240D3 /* Pods.debug.xcconfig */;
			buildSettings = {
				ASSETCATALOG_COMPILER_APPICON_NAME = AppIcon;
				INFOPLIST_FILE = "Realm Create Or Update/Info.plist";
				LD_RUNPATH_SEARCH_PATHS = "$(inherited) @executable_path/Frameworks";
				PRODUCT_BUNDLE_IDENTIFIER = "Gametime.Realm-Create-Or-Update";
				PRODUCT_NAME = "$(TARGET_NAME)";
			};
			name = Debug;
		};
		36EE8DAE1BC5D4C3003DF47D /* Release */ = {
			isa = XCBuildConfiguration;
			baseConfigurationReference = F2ADFB4807B7164A040E12C9 /* Pods.release.xcconfig */;
			buildSettings = {
				ASSETCATALOG_COMPILER_APPICON_NAME = AppIcon;
				INFOPLIST_FILE = "Realm Create Or Update/Info.plist";
				LD_RUNPATH_SEARCH_PATHS = "$(inherited) @executable_path/Frameworks";
				PRODUCT_BUNDLE_IDENTIFIER = "Gametime.Realm-Create-Or-Update";
				PRODUCT_NAME = "$(TARGET_NAME)";
			};
			name = Release;
		};
		36EE8DB01BC5D4C3003DF47D /* Debug */ = {
			isa = XCBuildConfiguration;
			buildSettings = {
				BUNDLE_LOADER = "$(TEST_HOST)";
				INFOPLIST_FILE = "Realm Create Or UpdateTests/Info.plist";
				LD_RUNPATH_SEARCH_PATHS = "$(inherited) @executable_path/Frameworks @loader_path/Frameworks";
				PRODUCT_BUNDLE_IDENTIFIER = "Gametime.Realm-Create-Or-UpdateTests";
				PRODUCT_NAME = "$(TARGET_NAME)";
				TEST_HOST = "$(BUILT_PRODUCTS_DIR)/Realm Create Or Update.app/Realm Create Or Update";
			};
			name = Debug;
		};
		36EE8DB11BC5D4C3003DF47D /* Release */ = {
			isa = XCBuildConfiguration;
			buildSettings = {
				BUNDLE_LOADER = "$(TEST_HOST)";
				INFOPLIST_FILE = "Realm Create Or UpdateTests/Info.plist";
				LD_RUNPATH_SEARCH_PATHS = "$(inherited) @executable_path/Frameworks @loader_path/Frameworks";
				PRODUCT_BUNDLE_IDENTIFIER = "Gametime.Realm-Create-Or-UpdateTests";
				PRODUCT_NAME = "$(TARGET_NAME)";
				TEST_HOST = "$(BUILT_PRODUCTS_DIR)/Realm Create Or Update.app/Realm Create Or Update";
			};
			name = Release;
		};
		36EE8DB31BC5D4C3003DF47D /* Debug */ = {
			isa = XCBuildConfiguration;
			buildSettings = {
				INFOPLIST_FILE = "Realm Create Or UpdateUITests/Info.plist";
				LD_RUNPATH_SEARCH_PATHS = "$(inherited) @executable_path/Frameworks @loader_path/Frameworks";
				PRODUCT_BUNDLE_IDENTIFIER = "Gametime.Realm-Create-Or-UpdateUITests";
				PRODUCT_NAME = "$(TARGET_NAME)";
				TEST_TARGET_NAME = "Realm Create Or Update";
				USES_XCTRUNNER = YES;
			};
			name = Debug;
		};
		36EE8DB41BC5D4C3003DF47D /* Release */ = {
			isa = XCBuildConfiguration;
			buildSettings = {
				INFOPLIST_FILE = "Realm Create Or UpdateUITests/Info.plist";
				LD_RUNPATH_SEARCH_PATHS = "$(inherited) @executable_path/Frameworks @loader_path/Frameworks";
				PRODUCT_BUNDLE_IDENTIFIER = "Gametime.Realm-Create-Or-UpdateUITests";
				PRODUCT_NAME = "$(TARGET_NAME)";
				TEST_TARGET_NAME = "Realm Create Or Update";
				USES_XCTRUNNER = YES;
			};
			name = Release;
		};
/* End XCBuildConfiguration section */

/* Begin XCConfigurationList section */
		36EE8D7A1BC5D4C3003DF47D /* Build configuration list for PBXProject "Realm Create Or Update" */ = {
			isa = XCConfigurationList;
			buildConfigurations = (
				36EE8DAA1BC5D4C3003DF47D /* Debug */,
				36EE8DAB1BC5D4C3003DF47D /* Release */,
			);
			defaultConfigurationIsVisible = 0;
			defaultConfigurationName = Release;
		};
		36EE8DAC1BC5D4C3003DF47D /* Build configuration list for PBXNativeTarget "Realm Create Or Update" */ = {
			isa = XCConfigurationList;
			buildConfigurations = (
				36EE8DAD1BC5D4C3003DF47D /* Debug */,
				36EE8DAE1BC5D4C3003DF47D /* Release */,
			);
			defaultConfigurationIsVisible = 0;
			defaultConfigurationName = Release;
		};
		36EE8DAF1BC5D4C3003DF47D /* Build configuration list for PBXNativeTarget "Realm Create Or UpdateTests" */ = {
			isa = XCConfigurationList;
			buildConfigurations = (
				36EE8DB01BC5D4C3003DF47D /* Debug */,
				36EE8DB11BC5D4C3003DF47D /* Release */,
			);
			defaultConfigurationIsVisible = 0;
			defaultConfigurationName = Release;
		};
		36EE8DB21BC5D4C3003DF47D /* Build configuration list for PBXNativeTarget "Realm Create Or UpdateUITests" */ = {
			isa = XCConfigurationList;
			buildConfigurations = (
				36EE8DB31BC5D4C3003DF47D /* Debug */,
				36EE8DB41BC5D4C3003DF47D /* Release */,
			);
			defaultConfigurationIsVisible = 0;
			defaultConfigurationName = Release;
		};
/* End XCConfigurationList section */
	};
	rootObject = 36EE8D771BC5D4C3003DF47D /* Project object */;
}
